{
  "originHash" : "2b7b7d9fd6bfe1fe1154b001e43b05ece20f7e083f94ae216248c734dc68f82b",
  "pins" : [
    {
      "identity" : "capacitor-swift-pm",
      "kind" : "remoteSourceControl",
      "location" : "https://github.com/ionic-team/capacitor-swift-pm.git",
      "state" : {
        "revision" : "596259033e94829dffc552a40e7129262122995e",
        "version" : "8.0.0"
      }
    },
    {
      "identity" : "clear-signing",
      "kind" : "remoteSourceControl",
      "location" : "https://github.com/llbartekll/clear-signing",
      "state" : {
        "revision" : "f632a97d768ec2c4377c34ed3e6cfe08d17d2ffc",
        "version" : "0.1.3"
      }
    },
    {
      "identity" : "osbarcodelib-ios",
      "kind" : "remoteSourceControl",
      "location" : "https://github.com/OutSystems/OSBarcodeLib-iOS.git",
      "state" : {
        "revision" : "fa51b49cf43ee227b02b371db83c8cb2e2cf8b55",
        "version" : "2.1.0"
      }
    }
  ],
  "version" : 3
}
